// !$*UTF8*$!
{
	archiveVersion = 1;
	classes = {
	};
	objectVersion = 50;
	objects = {

/* Begin PBXBuildFile section */
		BD7D00CB26B1D496005262C8 /* AppDelegate.swift in Sources */ = {isa = PBXBuildFile; fileRef = BD7D00CA26B1D496005262C8 /* AppDelegate.swift */; };
		BD7D00CD26B1D496005262C8 /* SceneDelegate.swift in Sources */ = {isa = PBXBuildFile; fileRef = BD7D00CC26B1D496005262C8 /* SceneDelegate.swift */; };
		BD7D00CF26B1D496005262C8 /* ViewController.swift in Sources */ = {isa = PBXBuildFile; fileRef = BD7D00CE26B1D496005262C8 /* ViewController.swift */; };
		BD7D00D226B1D496005262C8 /* Main.storyboard in Resources */ = {isa = PBXBuildFile; fileRef = BD7D00D026B1D496005262C8 /* Main.storyboard */; };
		BD7D00D526B1D496005262C8 /* MiniProject1.xcdatamodeld in Sources */ = {isa = PBXBuildFile; fileRef = BD7D00D326B1D496005262C8 /* MiniProject1.xcdatamodeld */; };
		BD7D00D726B1D4A1005262C8 /* Assets.xcassets in Resources */ = {isa = PBXBuildFile; fileRef = BD7D00D626B1D4A1005262C8 /* Assets.xcassets */; };
		BD7D00DA26B1D4A1005262C8 /* LaunchScreen.storyboard in Resources */ = {isa = PBXBuildFile; fileRef = BD7D00D826B1D4A1005262C8 /* LaunchScreen.storyboard */; };
		BD7D00E526B1D4A2005262C8 /* MiniProject1Tests.swift in Sources */ = {isa = PBXBuildFile; fileRef = BD7D00E426B1D4A2005262C8 /* MiniProject1Tests.swift */; };
		BD7D00F026B1D4A3005262C8 /* MiniProject1UITests.swift in Sources */ = {isa = PBXBuildFile; fileRef = BD7D00EF26B1D4A2005262C8 /* MiniProject1UITests.swift */; };
/* End PBXBuildFile section */

/* Begin PBXContainerItemProxy section */
		BD7D00E126B1D4A2005262C8 /* PBXContainerItemProxy */ = {
			isa = PBXContainerItemProxy;
			containerPortal = BD7D00BF26B1D496005262C8 /* Project object */;
			proxyType = 1;
			remoteGlobalIDString = BD7D00C626B1D496005262C8;
			remoteInfo = MiniProject1;
		};
		BD7D00EC26B1D4A2005262C8 /* PBXContainerItemProxy */ = {
			isa = PBXContainerItemProxy;
			containerPortal = BD7D00BF26B1D496005262C8 /* Project object */;
			proxyType = 1;
			remoteGlobalIDString = BD7D00C626B1D496005262C8;
			remoteInfo = MiniProject1;
		};
/* End PBXContainerItemProxy section */

/* Begin PBXFileReference section */
		BD7D00C726B1D496005262C8 /* MiniProject1.app */ = {isa = PBXFileReference; explicitFileType = wrapper.application; includeInIndex = 0; path = MiniProject1.app; sourceTree = BUILT_PRODUCTS_DIR; };
		BD7D00CA26B1D496005262C8 /* AppDelegate.swift */ = {isa = PBXFileReference; lastKnownFileType = sourcecode.swift; path = AppDelegate.swift; sourceTree = "<group>"; };
		BD7D00CC26B1D496005262C8 /* SceneDelegate.swift */ = {isa = PBXFileReference; lastKnownFileType = sourcecode.swift; path = SceneDelegate.swift; sourceTree = "<group>"; };
		BD7D00CE26B1D496005262C8 /* ViewController.swift */ = {isa = PBXFileReference; lastKnownFileType = sourcecode.swift; path = ViewController.swift; sourceTree = "<group>"; };
		BD7D00D126B1D496005262C8 /* Base */ = {isa = PBXFileReference; lastKnownFileType = file.storyboard; name = Base; path = Base.lproj/Main.storyboard; sourceTree = "<group>"; };
		BD7D00D426B1D496005262C8 /* MiniProject1.xcdatamodel */ = {isa = PBXFileReference; lastKnownFileType = wrapper.xcdatamodel; path = MiniProject1.xcdatamodel; sourceTree = "<group>"; };
		BD7D00D626B1D4A1005262C8 /* Assets.xcassets */ = {isa = PBXFileReference; lastKnownFileType = folder.assetcatalog; path = Assets.xcassets; sourceTree = "<group>"; };
		BD7D00D926B1D4A1005262C8 /* Base */ = {isa = PBXFileReference; lastKnownFileType = file.storyboard; name = Base; path = Base.lproj/LaunchScreen.storyboard; sourceTree = "<group>"; };
		BD7D00DB26B1D4A1005262C8 /* Info.plist */ = {isa = PBXFileReference; lastKnownFileType = text.plist.xml; path = Info.plist; sourceTree = "<group>"; };
		BD7D00E026B1D4A2005262C8 /* MiniProject1Tests.xctest */ = {isa = PBXFileReference; explicitFileType = wrapper.cfbundle; includeInIndex = 0; path = MiniProject1Tests.xctest; sourceTree = BUILT_PRODUCTS_DIR; };
		BD7D00E426B1D4A2005262C8 /* MiniProject1Tests.swift */ = {isa = PBXFileReference; lastKnownFileType = sourcecode.swift; path = MiniProject1Tests.swift; sourceTree = "<group>"; };
		BD7D00E626B1D4A2005262C8 /* Info.plist */ = {isa = PBXFileReference; lastKnownFileType = text.plist.xml; path = Info.plist; sourceTree = "<group>"; };
		BD7D00EB26B1D4A2005262C8 /* MiniProject1UITests.xctest */ = {isa = PBXFileReference; explicitFileType = wrapper.cfbundle; includeInIndex = 0; path = MiniProject1UITests.xctest; sourceTree = BUILT_PRODUCTS_DIR; };
		BD7D00EF26B1D4A2005262C8 /* MiniProject1UITests.swift */ = {isa = PBXFileReference; lastKnownFileType = sourcecode.swift; path = MiniProject1UITests.swift; sourceTree = "<group>"; };
		BD7D00F126B1D4A3005262C8 /* Info.plist */ = {isa = PBXFileReference; lastKnownFileType = text.plist.xml; path = Info.plist; sourceTree = "<group>"; };
/* End PBXFileReference section */

/* Begin PBXFrameworksBuildPhase section */
		BD7D00C426B1D496005262C8 /* Frameworks */ = {
			isa = PBXFrameworksBuildPhase;
			buildActionMask = 2147483647;
			files = (
			);
			runOnlyForDeploymentPostprocessing = 0;
		};
		BD7D00DD26B1D4A2005262C8 /* Frameworks */ = {
			isa = PBXFrameworksBuildPhase;
			buildActionMask = 2147483647;
			files = (
			);
			runOnlyForDeploymentPostprocessing = 0;
		};
		BD7D00E826B1D4A2005262C8 /* Frameworks */ = {
			isa = PBXFrameworksBuildPhase;
			buildActionMask = 2147483647;
			files = (
			);
			runOnlyForDeploymentPostprocessing = 0;
		};
/* End PBXFrameworksBuildPhase section */

/* Begin PBXGroup section */
		BD7D00BE26B1D496005262C8 = {
			isa = PBXGroup;
			children = (
				BD7D00C926B1D496005262C8 /* MiniProject1 */,
				BD7D00E326B1D4A2005262C8 /* MiniProject1Tests */,
				BD7D00EE26B1D4A2005262C8 /* MiniProject1UITests */,
				BD7D00C826B1D496005262C8 /* Products */,
			);
			sourceTree = "<group>";
		};
		BD7D00C826B1D496005262C8 /* Products */ = {
			isa = PBXGroup;
			children = (
				BD7D00C726B1D496005262C8 /* MiniProject1.app */,
				BD7D00E026B1D4A2005262C8 /* MiniProject1Tests.xctest */,
				BD7D00EB26B1D4A2005262C8 /* MiniProject1UITests.xctest */,
			);
			name = Products;
			sourceTree = "<group>";
		};
		BD7D00C926B1D496005262C8 /* MiniProject1 */ = {
			isa = PBXGroup;
			children = (
				BD7D00CA26B1D496005262C8 /* AppDelegate.swift */,
				BD7D00CC26B1D496005262C8 /* SceneDelegate.swift */,
				BD7D00CE26B1D496005262C8 /* ViewController.swift */,
				BD7D00D026B1D496005262C8 /* Main.storyboard */,
				BD7D00D626B1D4A1005262C8 /* Assets.xcassets */,
				BD7D00D826B1D4A1005262C8 /* LaunchScreen.storyboard */,
				BD7D00DB26B1D4A1005262C8 /* Info.plist */,
				BD7D00D326B1D496005262C8 /* MiniProject1.xcdatamodeld */,
			);
			path = MiniProject1;
			sourceTree = "<group>";
		};
		BD7D00E326B1D4A2005262C8 /* MiniProject1Tests */ = {
			isa = PBXGroup;
			children = (
				BD7D00E426B1D4A2005262C8 /* MiniProject1Tests.swift */,
				BD7D00E626B1D4A2005262C8 /* Info.plist */,
			);
			path = MiniProject1Tests;
			sourceTree = "<group>";
		};
		BD7D00EE26B1D4A2005262C8 /* MiniProject1UITests */ = {
			isa = PBXGroup;
			children = (
				BD7D00EF26B1D4A2005262C8 /* MiniProject1UITests.swift */,
				BD7D00F126B1D4A3005262C8 /* Info.plist */,
			);
			path = MiniProject1UITests;
			sourceTree = "<group>";
		};
/* End PBXGroup section */

/* Begin PBXNativeTarget section */
		BD7D00C626B1D496005262C8 /* MiniProject1 */ = {
			isa = PBXNativeTarget;
			buildConfigurationList = BD7D00F426B1D4A3005262C8 /* Build configuration list for PBXNativeTarget "MiniProject1" */;
			buildPhases = (
				BD7D00C326B1D496005262C8 /* Sources */,
				BD7D00C426B1D496005262C8 /* Frameworks */,
				BD7D00C526B1D496005262C8 /* Resources */,
			);
			buildRules = (
			);
			dependencies = (
			);
			name = MiniProject1;
			productName = MiniProject1;
			productReference = BD7D00C726B1D496005262C8 /* MiniProject1.app */;
			productType = "com.apple.product-type.application";
		};
		BD7D00DF26B1D4A2005262C8 /* MiniProject1Tests */ = {
			isa = PBXNativeTarget;
			buildConfigurationList = BD7D00F726B1D4A3005262C8 /* Build configuration list for PBXNativeTarget "MiniProject1Tests" */;
			buildPhases = (
				BD7D00DC26B1D4A2005262C8 /* Sources */,
				BD7D00DD26B1D4A2005262C8 /* Frameworks */,
				BD7D00DE26B1D4A2005262C8 /* Resources */,
			);
			buildRules = (
			);
			dependencies = (
				BD7D00E226B1D4A2005262C8 /* PBXTargetDependency */,
			);
			name = MiniProject1Tests;
			productName = MiniProject1Tests;
			productReference = BD7D00E026B1D4A2005262C8 /* MiniProject1Tests.xctest */;
			productType = "com.apple.product-type.bundle.unit-test";
		};
		BD7D00EA26B1D4A2005262C8 /* MiniProject1UITests */ = {
			isa = PBXNativeTarget;
			buildConfigurationList = BD7D00FA26B1D4A3005262C8 /* Build configuration list for PBXNativeTarget "MiniProject1UITests" */;
			buildPhases = (
				BD7D00E726B1D4A2005262C8 /* Sources */,
				BD7D00E826B1D4A2005262C8 /* Frameworks */,
				BD7D00E926B1D4A2005262C8 /* Resources */,
			);
			buildRules = (
			);
			dependencies = (
				BD7D00ED26B1D4A2005262C8 /* PBXTargetDependency */,
			);
			name = MiniProject1UITests;
			productName = MiniProject1UITests;
			productReference = BD7D00EB26B1D4A2005262C8 /* MiniProject1UITests.xctest */;
			productType = "com.apple.product-type.bundle.ui-testing";
		};
/* End PBXNativeTarget section */

/* Begin PBXProject section */
		BD7D00BF26B1D496005262C8 /* Project object */ = {
			isa = PBXProject;
			attributes = {
				LastSwiftUpdateCheck = 1250;
				LastUpgradeCheck = 1250;
				TargetAttributes = {
					BD7D00C626B1D496005262C8 = {
						CreatedOnToolsVersion = 12.5.1;
					};
					BD7D00DF26B1D4A2005262C8 = {
						CreatedOnToolsVersion = 12.5.1;
						TestTargetID = BD7D00C626B1D496005262C8;
					};
					BD7D00EA26B1D4A2005262C8 = {
						CreatedOnToolsVersion = 12.5.1;
						TestTargetID = BD7D00C626B1D496005262C8;
					};
				};
			};
			buildConfigurationList = BD7D00C226B1D496005262C8 /* Build configuration list for PBXProject "MiniProject1" */;
			compatibilityVersion = "Xcode 9.3";
			developmentRegion = en;
			hasScannedForEncodings = 0;
			knownRegions = (
				en,
				Base,
			);
			mainGroup = BD7D00BE26B1D496005262C8;
			productRefGroup = BD7D00C826B1D496005262C8 /* Products */;
			projectDirPath = "";
			projectRoot = "";
			targets = (
				BD7D00C626B1D496005262C8 /* MiniProject1 */,
				BD7D00DF26B1D4A2005262C8 /* MiniProject1Tests */,
				BD7D00EA26B1D4A2005262C8 /* MiniProject1UITests */,
			);
		};
/* End PBXProject section */

/* Begin PBXResourcesBuildPhase section */
		BD7D00C526B1D496005262C8 /* Resources */ = {
			isa = PBXResourcesBuildPhase;
			buildActionMask = 2147483647;
			files = (
				BD7D00DA26B1D4A1005262C8 /* LaunchScreen.storyboard in Resources */,
				BD7D00D726B1D4A1005262C8 /* Assets.xcassets in Resources */,
				BD7D00D226B1D496005262C8 /* Main.storyboard in Resources */,
			);
			runOnlyForDeploymentPostprocessing = 0;
		};
		BD7D00DE26B1D4A2005262C8 /* Resources */ = {
			isa = PBXResourcesBuildPhase;
			buildActionMask = 2147483647;
			files = (
			);
			runOnlyForDeploymentPostprocessing = 0;
		};
		BD7D00E926B1D4A2005262C8 /* Resources */ = {
			isa = PBXResourcesBuildPhase;
			buildActionMask = 2147483647;
			files = (
			);
			runOnlyForDeploymentPostprocessing = 0;
		};
/* End PBXResourcesBuildPhase section */

/* Begin PBXSourcesBuildPhase section */
		BD7D00C326B1D496005262C8 /* Sources */ = {
			isa = PBXSourcesBuildPhase;
			buildActionMask = 2147483647;
			files = (
				BD7D00CF26B1D496005262C8 /* ViewController.swift in Sources */,
				BD7D00CB26B1D496005262C8 /* AppDelegate.swift in Sources */,
				BD7D00D526B1D496005262C8 /* MiniProject1.xcdatamodeld in Sources */,
				BD7D00CD26B1D496005262C8 /* SceneDelegate.swift in Sources */,
			);
			runOnlyForDeploymentPostprocessing = 0;
		};
		BD7D00DC26B1D4A2005262C8 /* Sources */ = {
			isa = PBXSourcesBuildPhase;
			buildActionMask = 2147483647;
			files = (
				BD7D00E526B1D4A2005262C8 /* MiniProject1Tests.swift in Sources */,
			);
			runOnlyForDeploymentPostprocessing = 0;
		};
		BD7D00E726B1D4A2005262C8 /* Sources */ = {
			isa = PBXSourcesBuildPhase;
			buildActionMask = 2147483647;
			files = (
				BD7D00F026B1D4A3005262C8 /* MiniProject1UITests.swift in Sources */,
			);
			runOnlyForDeploymentPostprocessing = 0;
		};
/* End PBXSourcesBuildPhase section */

/* Begin PBXTargetDependency section */
		BD7D00E226B1D4A2005262C8 /* PBXTargetDependency */ = {
			isa = PBXTargetDependency;
			target = BD7D00C626B1D496005262C8 /* MiniProject1 */;
			targetProxy = BD7D00E126B1D4A2005262C8 /* PBXContainerItemProxy */;
		};
		BD7D00ED26B1D4A2005262C8 /* PBXTargetDependency */ = {
			isa = PBXTargetDependency;
			target = BD7D00C626B1D496005262C8 /* MiniProject1 */;
			targetProxy = BD7D00EC26B1D4A2005262C8 /* PBXContainerItemProxy */;
		};
/* End PBXTargetDependency section */

/* Begin PBXVariantGroup section */
		BD7D00D026B1D496005262C8 /* Main.storyboard */ = {
			isa = PBXVariantGroup;
			children = (
				BD7D00D126B1D496005262C8 /* Base */,
			);
			name = Main.storyboard;
			sourceTree = "<group>";
		};
		BD7D00D826B1D4A1005262C8 /* LaunchScreen.storyboard */ = {
			isa = PBXVariantGroup;
			children = (
				BD7D00D926B1D4A1005262C8 /* Base */,
			);
			name = LaunchScreen.storyboard;
			sourceTree = "<group>";
		};
/* End PBXVariantGroup section */

/* Begin XCBuildConfiguration section */
		BD7D00F226B1D4A3005262C8 /* Debug */ = {
			isa = XCBuildConfiguration;
			buildSettings = {
				ALWAYS_SEARCH_USER_PATHS = NO;
				CLANG_ANALYZER_NONNULL = YES;
				CLANG_ANALYZER_NUMBER_OBJECT_CONVERSION = YES_AGGRESSIVE;
				CLANG_CXX_LANGUAGE_STANDARD = "gnu++14";
				CLANG_CXX_LIBRARY = "libc++";
				CLANG_ENABLE_MODULES = YES;
				CLANG_ENABLE_OBJC_ARC = YES;
				CLANG_ENABLE_OBJC_WEAK = YES;
				CLANG_WARN_BLOCK_CAPTURE_AUTORELEASING = YES;
				CLANG_WARN_BOOL_CONVERSION = YES;
				CLANG_WARN_COMMA = YES;
				CLANG_WARN_CONSTANT_CONVERSION = YES;
				CLANG_WARN_DEPRECATED_OBJC_IMPLEMENTATIONS = YES;
				CLANG_WARN_DIRECT_OBJC_ISA_USAGE = YES_ERROR;
				CLANG_WARN_DOCUMENTATION_COMMENTS = YES;
				CLANG_WARN_EMPTY_BODY = YES;
				CLANG_WARN_ENUM_CONVERSION = YES;
				CLANG_WARN_INFINITE_RECURSION = YES;
				CLANG_WARN_INT_CONVERSION = YES;
				CLANG_WARN_NON_LITERAL_NULL_CONVERSION = YES;
				CLANG_WARN_OBJC_IMPLICIT_RETAIN_SELF = YES;
				CLANG_WARN_OBJC_LITERAL_CONVERSION = YES;
				CLANG_WARN_OBJC_ROOT_CLASS = YES_ERROR;
				CLANG_WARN_QUOTED_INCLUDE_IN_FRAMEWORK_HEADER = YES;
				CLANG_WARN_RANGE_LOOP_ANALYSIS = YES;
				CLANG_WARN_STRICT_PROTOTYPES = YES;
				CLANG_WARN_SUSPICIOUS_MOVE = YES;
				CLANG_WARN_UNGUARDED_AVAILABILITY = YES_AGGRESSIVE;
				CLANG_WARN_UNREACHABLE_CODE = YES;
				CLANG_WARN__DUPLICATE_METHOD_MATCH = YES;
				COPY_PHASE_STRIP = NO;
				DEBUG_INFORMATION_FORMAT = dwarf;
				ENABLE_STRICT_OBJC_MSGSEND = YES;
				ENABLE_TESTABILITY = YES;
				GCC_C_LANGUAGE_STANDARD = gnu11;
				GCC_DYNAMIC_NO_PIC = NO;
				GCC_NO_COMMON_BLOCKS = YES;
				GCC_OPTIMIZATION_LEVEL = 0;
				GCC_PREPROCESSOR_DEFINITIONS = (
					"DEBUG=1",
					"$(inherited)",
				);
				GCC_WARN_64_TO_32_BIT_CONVERSION = YES;
				GCC_WARN_ABOUT_RETURN_TYPE = YES_ERROR;
				GCC_WARN_UNDECLARED_SELECTOR = YES;
				GCC_WARN_UNINITIALIZED_AUTOS = YES_AGGRESSIVE;
				GCC_WARN_UNUSED_FUNCTION = YES;
				GCC_WARN_UNUSED_VARIABLE = YES;
				IPHONEOS_DEPLOYMENT_TARGET = 14.5;
				MTL_ENABLE_DEBUG_INFO = INCLUDE_SOURCE;
				MTL_FAST_MATH = YES;
				ONLY_ACTIVE_ARCH = YES;
				SDKROOT = iphoneos;
				SWIFT_ACTIVE_COMPILATION_CONDITIONS = DEBUG;
				SWIFT_OPTIMIZATION_LEVEL = "-Onone";
			};
			name = Debug;
		};
		BD7D00F326B1D4A3005262C8 /* Release */ = {
			isa = XCBuildConfiguration;
			buildSettings = {
				ALWAYS_SEARCH_USER_PATHS = NO;
				CLANG_ANALYZER_NONNULL = YES;
				CLANG_ANALYZER_NUMBER_OBJECT_CONVERSION = YES_AGGRESSIVE;
				CLANG_CXX_LANGUAGE_STANDARD = "gnu++14";
				CLANG_CXX_LIBRARY = "libc++";
				CLANG_ENABLE_MODULES = YES;
				CLANG_ENABLE_OBJC_ARC = YES;
				CLANG_ENABLE_OBJC_WEAK = YES;
				CLANG_WARN_BLOCK_CAPTURE_AUTORELEASING = YES;
				CLANG_WARN_BOOL_CONVERSION = YES;
				CLANG_WARN_COMMA = YES;
				CLANG_WARN_CONSTANT_CONVERSION = YES;
				CLANG_WARN_DEPRECATED_OBJC_IMPLEMENTATIONS = YES;
				CLANG_WARN_DIRECT_OBJC_ISA_USAGE = YES_ERROR;
				CLANG_WARN_DOCUMENTATION_COMMENTS = YES;
				CLANG_WARN_EMPTY_BODY = YES;
				CLANG_WARN_ENUM_CONVERSION = YES;
				CLANG_WARN_INFINITE_RECURSION = YES;
				CLANG_WARN_INT_CONVERSION = YES;
				CLANG_WARN_NON_LITERAL_NULL_CONVERSION = YES;
				CLANG_WARN_OBJC_IMPLICIT_RETAIN_SELF = YES;
				CLANG_WARN_OBJC_LITERAL_CONVERSION = YES;
				CLANG_WARN_OBJC_ROOT_CLASS = YES_ERROR;
				CLANG_WARN_QUOTED_INCLUDE_IN_FRAMEWORK_HEADER = YES;
				CLANG_WARN_RANGE_LOOP_ANALYSIS = YES;
				CLANG_WARN_STRICT_PROTOTYPES = YES;
				CLANG_WARN_SUSPICIOUS_MOVE = YES;
				CLANG_WARN_UNGUARDED_AVAILABILITY = YES_AGGRESSIVE;
				CLANG_WARN_UNREACHABLE_CODE = YES;
				CLANG_WARN__DUPLICATE_METHOD_MATCH = YES;
				COPY_PHASE_STRIP = NO;
				DEBUG_INFORMATION_FORMAT = "dwarf-with-dsym";
				ENABLE_NS_ASSERTIONS = NO;
				ENABLE_STRICT_OBJC_MSGSEND = YES;
				GCC_C_LANGUAGE_STANDARD = gnu11;
				GCC_NO_COMMON_BLOCKS = YES;
				GCC_WARN_64_TO_32_BIT_CONVERSION = YES;
				GCC_WARN_ABOUT_RETURN_TYPE = YES_ERROR;
				GCC_WARN_UNDECLARED_SELECTOR = YES;
				GCC_WARN_UNINITIALIZED_AUTOS = YES_AGGRESSIVE;
				GCC_WARN_UNUSED_FUNCTION = YES;
				GCC_WARN_UNUSED_VARIABLE = YES;
				IPHONEOS_DEPLOYMENT_TARGET = 14.5;
				MTL_ENABLE_DEBUG_INFO = NO;
				MTL_FAST_MATH = YES;
				SDKROOT = iphoneos;
				SWIFT_COMPILATION_MODE = wholemodule;
				SWIFT_OPTIMIZATION_LEVEL = "-O";
				VALIDATE_PRODUCT = YES;
			};
			name = Release;
		};
		BD7D00F526B1D4A3005262C8 /* Debug */ = {
			isa = XCBuildConfiguration;
			buildSettings = {
				ASSETCATALOG_COMPILER_APPICON_NAME = AppIcon;
				ASSETCATALOG_COMPILER_GLOBAL_ACCENT_COLOR_NAME = AccentColor;
				CODE_SIGN_STYLE = Automatic;
				INFOPLIST_FILE = MiniProject1/Info.plist;
				IPHONEOS_DEPLOYMENT_TARGET = 13.2;
				LD_RUNPATH_SEARCH_PATHS = (
					"$(inherited)",
					"@executable_path/Frameworks",
				);
				PRODUCT_BUNDLE_IDENTIFIER = Sahar.MiniProject1;
				PRODUCT_NAME = "$(TARGET_NAME)";
				SWIFT_VERSION = 5.0;
				TARGETED_DEVICE_FAMILY = "1,2";
			};
			name = Debug;
		};
		BD7D00F626B1D4A3005262C8 /* Release */ = {
			isa = XCBuildConfiguration;
			buildSettings = {
				ASSETCATALOG_COMPILER_APPICON_NAME = AppIcon;
				ASSETCATALOG_COMPILER_GLOBAL_ACCENT_COLOR_NAME = AccentColor;
				CODE_SIGN_STYLE = Automatic;
				INFOPLIST_FILE = MiniProject1/Info.plist;
				IPHONEOS_DEPLOYMENT_TARGET = 13.2;
				LD_RUNPATH_SEARCH_PATHS = (
					"$(inherited)",
					"@executable_path/Frameworks",
				);
				PRODUCT_BUNDLE_IDENTIFIER = Sahar.MiniProject1;
				PRODUCT_NAME = "$(TARGET_NAME)";
				SWIFT_VERSION = 5.0;
				TARGETED_DEVICE_FAMILY = "1,2";
			};
			name = Release;
		};
		BD7D00F826B1D4A3005262C8 /* Debug */ = {
			isa = XCBuildConfiguration;
			buildSettings = {
				ALWAYS_EMBED_SWIFT_STANDARD_LIBRARIES = YES;
				BUNDLE_LOADER = "$(TEST_HOST)";
				CODE_SIGN_STYLE = Automatic;
				INFOPLIST_FILE = MiniProject1Tests/Info.plist;
				IPHONEOS_DEPLOYMENT_TARGET = 14.5;
				LD_RUNPATH_SEARCH_PATHS = (
					"$(inherited)",
					"@executable_path/Frameworks",
					"@loader_path/Frameworks",
				);
				PRODUCT_BUNDLE_IDENTIFIER = Sahar.MiniProject1Tests;
				PRODUCT_NAME = "$(TARGET_NAME)";
				SWIFT_VERSION = 5.0;
				TARGETED_DEVICE_FAMILY = "1,2";
				TEST_HOST = "$(BUILT_PRODUCTS_DIR)/MiniProject1.app/MiniProject1";
			};
			name = Debug;
		};
		BD7D00F926B1D4A3005262C8 /* Release */ = {
			isa = XCBuildConfiguration;
			buildSettings = {
				ALWAYS_EMBED_SWIFT_STANDARD_LIBRARIES = YES;
				BUNDLE_LOADER = "$(TEST_HOST)";
				CODE_SIGN_STYLE = Automatic;
				INFOPLIST_FILE = MiniProject1Tests/Info.plist;
				IPHONEOS_DEPLOYMENT_TARGET = 14.5;
				LD_RUNPATH_SEARCH_PATHS = (
					"$(inherited)",
					"@executable_path/Frameworks",
					"@loader_path/Frameworks",
				);
				PRODUCT_BUNDLE_IDENTIFIER = Sahar.MiniProject1Tests;
				PRODUCT_NAME = "$(TARGET_NAME)";
				SWIFT_VERSION = 5.0;
				TARGETED_DEVICE_FAMILY = "1,2";
				TEST_HOST = "$(BUILT_PRODUCTS_DIR)/MiniProject1.app/MiniProject1";
			};
			name = Release;
		};
		BD7D00FB26B1D4A3005262C8 /* Debug */ = {
			isa = XCBuildConfiguration;
			buildSettings = {
				ALWAYS_EMBED_SWIFT_STANDARD_LIBRARIES = YES;
				CODE_SIGN_STYLE = Automatic;
				INFOPLIST_FILE = MiniProject1UITests/Info.plist;
				LD_RUNPATH_SEARCH_PATHS = (
					"$(inherited)",
					"@executable_path/Frameworks",
					"@loader_path/Frameworks",
				);
				PRODUCT_BUNDLE_IDENTIFIER = Sahar.MiniProject1UITests;
				PRODUCT_NAME = "$(TARGET_NAME)";
				SWIFT_VERSION = 5.0;
				TARGETED_DEVICE_FAMILY = "1,2";
				TEST_TARGET_NAME = MiniProject1;
			};
			name = Debug;
		};
		BD7D00FC26B1D4A3005262C8 /* Release */ = {
			isa = XCBuildConfiguration;
			buildSettings = {
				ALWAYS_EMBED_SWIFT_STANDARD_LIBRARIES = YES;
				CODE_SIGN_STYLE = Automatic;
				INFOPLIST_FILE = MiniProject1UITests/Info.plist;
				LD_RUNPATH_SEARCH_PATHS = (
					"$(inherited)",
					"@executable_path/Frameworks",
					"@loader_path/Frameworks",
				);
				PRODUCT_BUNDLE_IDENTIFIER = Sahar.MiniProject1UITests;
				PRODUCT_NAME = "$(TARGET_NAME)";
				SWIFT_VERSION = 5.0;
				TARGETED_DEVICE_FAMILY = "1,2";
				TEST_TARGET_NAME = MiniProject1;
			};
			name = Release;
		};
/* End XCBuildConfiguration section */

/* Begin XCConfigurationList section */
		BD7D00C226B1D496005262C8 /* Build configuration list for PBXProject "MiniProject1" */ = {
			isa = XCConfigurationList;
			buildConfigurations = (
				BD7D00F226B1D4A3005262C8 /* Debug */,
				BD7D00F326B1D4A3005262C8 /* Release */,
			);
			defaultConfigurationIsVisible = 0;
			defaultConfigurationName = Release;
		};
		BD7D00F426B1D4A3005262C8 /* Build configuration list for PBXNativeTarget "MiniProject1" */ = {
			isa = XCConfigurationList;
			buildConfigurations = (
				BD7D00F526B1D4A3005262C8 /* Debug */,
				BD7D00F626B1D4A3005262C8 /* Release */,
			);
			defaultConfigurationIsVisible = 0;
			defaultConfigurationName = Release;
		};
		BD7D00F726B1D4A3005262C8 /* Build configuration list for PBXNativeTarget "MiniProject1Tests" */ = {
			isa = XCConfigurationList;
			buildConfigurations = (
				BD7D00F826B1D4A3005262C8 /* Debug */,
				BD7D00F926B1D4A3005262C8 /* Release */,
			);
			defaultConfigurationIsVisible = 0;
			defaultConfigurationName = Release;
		};
		BD7D00FA26B1D4A3005262C8 /* Build configuration list for PBXNativeTarget "MiniProject1UITests" */ = {
			isa = XCConfigurationList;
			buildConfigurations = (
				BD7D00FB26B1D4A3005262C8 /* Debug */,
				BD7D00FC26B1D4A3005262C8 /* Release */,
			);
			defaultConfigurationIsVisible = 0;
			defaultConfigurationName = Release;
		};
/* End XCConfigurationList section */

/* Begin XCVersionGroup section */
		BD7D00D326B1D496005262C8 /* MiniProject1.xcdatamodeld */ = {
			isa = XCVersionGroup;
			children = (
				BD7D00D426B1D496005262C8 /* MiniProject1.xcdatamodel */,
			);
			currentVersion = BD7D00D426B1D496005262C8 /* MiniProject1.xcdatamodel */;
			path = MiniProject1.xcdatamodeld;
			sourceTree = "<group>";
			versionGroupType = wrapper.xcdatamodel;
		};
/* End XCVersionGroup section */
	};
	rootObject = BD7D00BF26B1D496005262C8 /* Project object */;
}
