// !$*UTF8*$!
{
	archiveVersion = 1;
	classes = {
	};
	objectVersion = 50;
	objects = {

/* Begin PBXBuildFile section */
		BD049FE926B832CF00BB9EE5 /* AppDelegate.swift in Sources */ = {isa = PBXBuildFile; fileRef = BD049FE826B832CF00BB9EE5 /* AppDelegate.swift */; };
		BD049FEB26B832CF00BB9EE5 /* SceneDelegate.swift in Sources */ = {isa = PBXBuildFile; fileRef = BD049FEA26B832CF00BB9EE5 /* SceneDelegate.swift */; };
		BD049FF026B832CF00BB9EE5 /* Main.storyboard in Resources */ = {isa = PBXBuildFile; fileRef = BD049FEE26B832CF00BB9EE5 /* Main.storyboard */; };
		BD049FF326B832CF00BB9EE5 /* ToDoList.xcdatamodeld in Sources */ = {isa = PBXBuildFile; fileRef = BD049FF126B832CF00BB9EE5 /* ToDoList.xcdatamodeld */; };
		BD049FF526B832D800BB9EE5 /* Assets.xcassets in Resources */ = {isa = PBXBuildFile; fileRef = BD049FF426B832D800BB9EE5 /* Assets.xcassets */; };
		BD049FF826B832D800BB9EE5 /* LaunchScreen.storyboard in Resources */ = {isa = PBXBuildFile; fileRef = BD049FF626B832D800BB9EE5 /* LaunchScreen.storyboard */; };
		BD04A00326B832D800BB9EE5 /* ToDoListTests.swift in Sources */ = {isa = PBXBuildFile; fileRef = BD04A00226B832D800BB9EE5 /* ToDoListTests.swift */; };
		BD04A00E26B832D800BB9EE5 /* ToDoListUITests.swift in Sources */ = {isa = PBXBuildFile; fileRef = BD04A00D26B832D800BB9EE5 /* ToDoListUITests.swift */; };
		BD04A01C26B836AA00BB9EE5 /* ToDoTableViewController.swift in Sources */ = {isa = PBXBuildFile; fileRef = BD04A01B26B836AA00BB9EE5 /* ToDoTableViewController.swift */; };
		BD04A01E26B83AC500BB9EE5 /* ToDo.swift in Sources */ = {isa = PBXBuildFile; fileRef = BD04A01D26B83AC500BB9EE5 /* ToDo.swift */; };
		BD04A02026B8498900BB9EE5 /* AddToDoViewController.swift in Sources */ = {isa = PBXBuildFile; fileRef = BD04A01F26B8498900BB9EE5 /* AddToDoViewController.swift */; };
		BD04A02226B97D1B00BB9EE5 /* CompletedToDoViewController.swift in Sources */ = {isa = PBXBuildFile; fileRef = BD04A02126B97D1B00BB9EE5 /* CompletedToDoViewController.swift */; };
/* End PBXBuildFile section */

/* Begin PBXContainerItemProxy section */
		BD049FFF26B832D800BB9EE5 /* PBXContainerItemProxy */ = {
			isa = PBXContainerItemProxy;
			containerPortal = BD049FDD26B832CF00BB9EE5 /* Project object */;
			proxyType = 1;
			remoteGlobalIDString = BD049FE426B832CF00BB9EE5;
			remoteInfo = ToDoList;
		};
		BD04A00A26B832D800BB9EE5 /* PBXContainerItemProxy */ = {
			isa = PBXContainerItemProxy;
			containerPortal = BD049FDD26B832CF00BB9EE5 /* Project object */;
			proxyType = 1;
			remoteGlobalIDString = BD049FE426B832CF00BB9EE5;
			remoteInfo = ToDoList;
		};
/* End PBXContainerItemProxy section */

/* Begin PBXFileReference section */
		BD049FE526B832CF00BB9EE5 /* ToDoList.app */ = {isa = PBXFileReference; explicitFileType = wrapper.application; includeInIndex = 0; path = ToDoList.app; sourceTree = BUILT_PRODUCTS_DIR; };
		BD049FE826B832CF00BB9EE5 /* AppDelegate.swift */ = {isa = PBXFileReference; lastKnownFileType = sourcecode.swift; path = AppDelegate.swift; sourceTree = "<group>"; };
		BD049FEA26B832CF00BB9EE5 /* SceneDelegate.swift */ = {isa = PBXFileReference; lastKnownFileType = sourcecode.swift; path = SceneDelegate.swift; sourceTree = "<group>"; };
		BD049FEF26B832CF00BB9EE5 /* Base */ = {isa = PBXFileReference; lastKnownFileType = file.storyboard; name = Base; path = Base.lproj/Main.storyboard; sourceTree = "<group>"; };
		BD049FF226B832CF00BB9EE5 /* ToDoList.xcdatamodel */ = {isa = PBXFileReference; lastKnownFileType = wrapper.xcdatamodel; path = ToDoList.xcdatamodel; sourceTree = "<group>"; };
		BD049FF426B832D800BB9EE5 /* Assets.xcassets */ = {isa = PBXFileReference; lastKnownFileType = folder.assetcatalog; path = Assets.xcassets; sourceTree = "<group>"; };
		BD049FF726B832D800BB9EE5 /* Base */ = {isa = PBXFileReference; lastKnownFileType = file.storyboard; name = Base; path = Base.lproj/LaunchScreen.storyboard; sourceTree = "<group>"; };
		BD049FF926B832D800BB9EE5 /* Info.plist */ = {isa = PBXFileReference; lastKnownFileType = text.plist.xml; path = Info.plist; sourceTree = "<group>"; };
		BD049FFE26B832D800BB9EE5 /* ToDoListTests.xctest */ = {isa = PBXFileReference; explicitFileType = wrapper.cfbundle; includeInIndex = 0; path = ToDoListTests.xctest; sourceTree = BUILT_PRODUCTS_DIR; };
		BD04A00226B832D800BB9EE5 /* ToDoListTests.swift */ = {isa = PBXFileReference; lastKnownFileType = sourcecode.swift; path = ToDoListTests.swift; sourceTree = "<group>"; };
		BD04A00426B832D800BB9EE5 /* Info.plist */ = {isa = PBXFileReference; lastKnownFileType = text.plist.xml; path = Info.plist; sourceTree = "<group>"; };
		BD04A00926B832D800BB9EE5 /* ToDoListUITests.xctest */ = {isa = PBXFileReference; explicitFileType = wrapper.cfbundle; includeInIndex = 0; path = ToDoListUITests.xctest; sourceTree = BUILT_PRODUCTS_DIR; };
		BD04A00D26B832D800BB9EE5 /* ToDoListUITests.swift */ = {isa = PBXFileReference; lastKnownFileType = sourcecode.swift; path = ToDoListUITests.swift; sourceTree = "<group>"; };
		BD04A00F26B832D800BB9EE5 /* Info.plist */ = {isa = PBXFileReference; lastKnownFileType = text.plist.xml; path = Info.plist; sourceTree = "<group>"; };
		BD04A01B26B836AA00BB9EE5 /* ToDoTableViewController.swift */ = {isa = PBXFileReference; lastKnownFileType = sourcecode.swift; path = ToDoTableViewController.swift; sourceTree = "<group>"; };
		BD04A01D26B83AC500BB9EE5 /* ToDo.swift */ = {isa = PBXFileReference; lastKnownFileType = sourcecode.swift; path = ToDo.swift; sourceTree = "<group>"; };
		BD04A01F26B8498900BB9EE5 /* AddToDoViewController.swift */ = {isa = PBXFileReference; lastKnownFileType = sourcecode.swift; path = AddToDoViewController.swift; sourceTree = "<group>"; };
		BD04A02126B97D1B00BB9EE5 /* CompletedToDoViewController.swift */ = {isa = PBXFileReference; lastKnownFileType = sourcecode.swift; path = CompletedToDoViewController.swift; sourceTree = "<group>"; };
/* End PBXFileReference section */

/* Begin PBXFrameworksBuildPhase section */
		BD049FE226B832CF00BB9EE5 /* Frameworks */ = {
			isa = PBXFrameworksBuildPhase;
			buildActionMask = 2147483647;
			files = (
			);
			runOnlyForDeploymentPostprocessing = 0;
		};
		BD049FFB26B832D800BB9EE5 /* Frameworks */ = {
			isa = PBXFrameworksBuildPhase;
			buildActionMask = 2147483647;
			files = (
			);
			runOnlyForDeploymentPostprocessing = 0;
		};
		BD04A00626B832D800BB9EE5 /* Frameworks */ = {
			isa = PBXFrameworksBuildPhase;
			buildActionMask = 2147483647;
			files = (
			);
			runOnlyForDeploymentPostprocessing = 0;
		};
/* End PBXFrameworksBuildPhase section */

/* Begin PBXGroup section */
		BD049FDC26B832CF00BB9EE5 = {
			isa = PBXGroup;
			children = (
				BD049FE726B832CF00BB9EE5 /* ToDoList */,
				BD04A00126B832D800BB9EE5 /* ToDoListTests */,
				BD04A00C26B832D800BB9EE5 /* ToDoListUITests */,
				BD049FE626B832CF00BB9EE5 /* Products */,
			);
			sourceTree = "<group>";
		};
		BD049FE626B832CF00BB9EE5 /* Products */ = {
			isa = PBXGroup;
			children = (
				BD049FE526B832CF00BB9EE5 /* ToDoList.app */,
				BD049FFE26B832D800BB9EE5 /* ToDoListTests.xctest */,
				BD04A00926B832D800BB9EE5 /* ToDoListUITests.xctest */,
			);
			name = Products;
			sourceTree = "<group>";
		};
		BD049FE726B832CF00BB9EE5 /* ToDoList */ = {
			isa = PBXGroup;
			children = (
				BD049FE826B832CF00BB9EE5 /* AppDelegate.swift */,
				BD049FEA26B832CF00BB9EE5 /* SceneDelegate.swift */,
				BD049FEE26B832CF00BB9EE5 /* Main.storyboard */,
				BD04A02126B97D1B00BB9EE5 /* CompletedToDoViewController.swift */,
				BD049FF426B832D800BB9EE5 /* Assets.xcassets */,
				BD049FF626B832D800BB9EE5 /* LaunchScreen.storyboard */,
				BD049FF926B832D800BB9EE5 /* Info.plist */,
				BD049FF126B832CF00BB9EE5 /* ToDoList.xcdatamodeld */,
				BD04A01B26B836AA00BB9EE5 /* ToDoTableViewController.swift */,
				BD04A01D26B83AC500BB9EE5 /* ToDo.swift */,
				BD04A01F26B8498900BB9EE5 /* AddToDoViewController.swift */,
			);
			path = ToDoList;
			sourceTree = "<group>";
		};
		BD04A00126B832D800BB9EE5 /* ToDoListTests */ = {
			isa = PBXGroup;
			children = (
				BD04A00226B832D800BB9EE5 /* ToDoListTests.swift */,
				BD04A00426B832D800BB9EE5 /* Info.plist */,
			);
			path = ToDoListTests;
			sourceTree = "<group>";
		};
		BD04A00C26B832D800BB9EE5 /* ToDoListUITests */ = {
			isa = PBXGroup;
			children = (
				BD04A00D26B832D800BB9EE5 /* ToDoListUITests.swift */,
				BD04A00F26B832D800BB9EE5 /* Info.plist */,
			);
			path = ToDoListUITests;
			sourceTree = "<group>";
		};
/* End PBXGroup section */

/* Begin PBXNativeTarget section */
		BD049FE426B832CF00BB9EE5 /* ToDoList */ = {
			isa = PBXNativeTarget;
			buildConfigurationList = BD04A01226B832D800BB9EE5 /* Build configuration list for PBXNativeTarget "ToDoList" */;
			buildPhases = (
				BD049FE126B832CF00BB9EE5 /* Sources */,
				BD049FE226B832CF00BB9EE5 /* Frameworks */,
				BD049FE326B832CF00BB9EE5 /* Resources */,
			);
			buildRules = (
			);
			dependencies = (
			);
			name = ToDoList;
			productName = ToDoList;
			productReference = BD049FE526B832CF00BB9EE5 /* ToDoList.app */;
			productType = "com.apple.product-type.application";
		};
		BD049FFD26B832D800BB9EE5 /* ToDoListTests */ = {
			isa = PBXNativeTarget;
			buildConfigurationList = BD04A01526B832D800BB9EE5 /* Build configuration list for PBXNativeTarget "ToDoListTests" */;
			buildPhases = (
				BD049FFA26B832D800BB9EE5 /* Sources */,
				BD049FFB26B832D800BB9EE5 /* Frameworks */,
				BD049FFC26B832D800BB9EE5 /* Resources */,
			);
			buildRules = (
			);
			dependencies = (
				BD04A00026B832D800BB9EE5 /* PBXTargetDependency */,
			);
			name = ToDoListTests;
			productName = ToDoListTests;
			productReference = BD049FFE26B832D800BB9EE5 /* ToDoListTests.xctest */;
			productType = "com.apple.product-type.bundle.unit-test";
		};
		BD04A00826B832D800BB9EE5 /* ToDoListUITests */ = {
			isa = PBXNativeTarget;
			buildConfigurationList = BD04A01826B832D800BB9EE5 /* Build configuration list for PBXNativeTarget "ToDoListUITests" */;
			buildPhases = (
				BD04A00526B832D800BB9EE5 /* Sources */,
				BD04A00626B832D800BB9EE5 /* Frameworks */,
				BD04A00726B832D800BB9EE5 /* Resources */,
			);
			buildRules = (
			);
			dependencies = (
				BD04A00B26B832D800BB9EE5 /* PBXTargetDependency */,
			);
			name = ToDoListUITests;
			productName = ToDoListUITests;
			productReference = BD04A00926B832D800BB9EE5 /* ToDoListUITests.xctest */;
			productType = "com.apple.product-type.bundle.ui-testing";
		};
/* End PBXNativeTarget section */

/* Begin PBXProject section */
		BD049FDD26B832CF00BB9EE5 /* Project object */ = {
			isa = PBXProject;
			attributes = {
				LastSwiftUpdateCheck = 1250;
				LastUpgradeCheck = 1250;
				TargetAttributes = {
					BD049FE426B832CF00BB9EE5 = {
						CreatedOnToolsVersion = 12.5.1;
					};
					BD049FFD26B832D800BB9EE5 = {
						CreatedOnToolsVersion = 12.5.1;
						TestTargetID = BD049FE426B832CF00BB9EE5;
					};
					BD04A00826B832D800BB9EE5 = {
						CreatedOnToolsVersion = 12.5.1;
						TestTargetID = BD049FE426B832CF00BB9EE5;
					};
				};
			};
			buildConfigurationList = BD049FE026B832CF00BB9EE5 /* Build configuration list for PBXProject "ToDoList" */;
			compatibilityVersion = "Xcode 9.3";
			developmentRegion = en;
			hasScannedForEncodings = 0;
			knownRegions = (
				en,
				Base,
			);
			mainGroup = BD049FDC26B832CF00BB9EE5;
			productRefGroup = BD049FE626B832CF00BB9EE5 /* Products */;
			projectDirPath = "";
			projectRoot = "";
			targets = (
				BD049FE426B832CF00BB9EE5 /* ToDoList */,
				BD049FFD26B832D800BB9EE5 /* ToDoListTests */,
				BD04A00826B832D800BB9EE5 /* ToDoListUITests */,
			);
		};
/* End PBXProject section */

/* Begin PBXResourcesBuildPhase section */
		BD049FE326B832CF00BB9EE5 /* Resources */ = {
			isa = PBXResourcesBuildPhase;
			buildActionMask = 2147483647;
			files = (
				BD049FF826B832D800BB9EE5 /* LaunchScreen.storyboard in Resources */,
				BD049FF526B832D800BB9EE5 /* Assets.xcassets in Resources */,
				BD049FF026B832CF00BB9EE5 /* Main.storyboard in Resources */,
			);
			runOnlyForDeploymentPostprocessing = 0;
		};
		BD049FFC26B832D800BB9EE5 /* Resources */ = {
			isa = PBXResourcesBuildPhase;
			buildActionMask = 2147483647;
			files = (
			);
			runOnlyForDeploymentPostprocessing = 0;
		};
		BD04A00726B832D800BB9EE5 /* Resources */ = {
			isa = PBXResourcesBuildPhase;
			buildActionMask = 2147483647;
			files = (
			);
			runOnlyForDeploymentPostprocessing = 0;
		};
/* End PBXResourcesBuildPhase section */

/* Begin PBXSourcesBuildPhase section */
		BD049FE126B832CF00BB9EE5 /* Sources */ = {
			isa = PBXSourcesBuildPhase;
			buildActionMask = 2147483647;
			files = (
				BD049FE926B832CF00BB9EE5 /* AppDelegate.swift in Sources */,
				BD04A01E26B83AC500BB9EE5 /* ToDo.swift in Sources */,
				BD04A01C26B836AA00BB9EE5 /* ToDoTableViewController.swift in Sources */,
				BD04A02226B97D1B00BB9EE5 /* CompletedToDoViewController.swift in Sources */,
				BD049FEB26B832CF00BB9EE5 /* SceneDelegate.swift in Sources */,
				BD04A02026B8498900BB9EE5 /* AddToDoViewController.swift in Sources */,
				BD049FF326B832CF00BB9EE5 /* ToDoList.xcdatamodeld in Sources */,
			);
			runOnlyForDeploymentPostprocessing = 0;
		};
		BD049FFA26B832D800BB9EE5 /* Sources */ = {
			isa = PBXSourcesBuildPhase;
			buildActionMask = 2147483647;
			files = (
				BD04A00326B832D800BB9EE5 /* ToDoListTests.swift in Sources */,
			);
			runOnlyForDeploymentPostprocessing = 0;
		};
		BD04A00526B832D800BB9EE5 /* Sources */ = {
			isa = PBXSourcesBuildPhase;
			buildActionMask = 2147483647;
			files = (
				BD04A00E26B832D800BB9EE5 /* ToDoListUITests.swift in Sources */,
			);
			runOnlyForDeploymentPostprocessing = 0;
		};
/* End PBXSourcesBuildPhase section */

/* Begin PBXTargetDependency section */
		BD04A00026B832D800BB9EE5 /* PBXTargetDependency */ = {
			isa = PBXTargetDependency;
			target = BD049FE426B832CF00BB9EE5 /* ToDoList */;
			targetProxy = BD049FFF26B832D800BB9EE5 /* PBXContainerItemProxy */;
		};
		BD04A00B26B832D800BB9EE5 /* PBXTargetDependency */ = {
			isa = PBXTargetDependency;
			target = BD049FE426B832CF00BB9EE5 /* ToDoList */;
			targetProxy = BD04A00A26B832D800BB9EE5 /* PBXContainerItemProxy */;
		};
/* End PBXTargetDependency section */

/* Begin PBXVariantGroup section */
		BD049FEE26B832CF00BB9EE5 /* Main.storyboard */ = {
			isa = PBXVariantGroup;
			children = (
				BD049FEF26B832CF00BB9EE5 /* Base */,
			);
			name = Main.storyboard;
			sourceTree = "<group>";
		};
		BD049FF626B832D800BB9EE5 /* LaunchScreen.storyboard */ = {
			isa = PBXVariantGroup;
			children = (
				BD049FF726B832D800BB9EE5 /* Base */,
			);
			name = LaunchScreen.storyboard;
			sourceTree = "<group>";
		};
/* End PBXVariantGroup section */

/* Begin XCBuildConfiguration section */
		BD04A01026B832D800BB9EE5 /* Debug */ = {
			isa = XCBuildConfiguration;
			buildSettings = {
				ALWAYS_SEARCH_USER_PATHS = NO;
				CLANG_ANALYZER_NONNULL = YES;
				CLANG_ANALYZER_NUMBER_OBJECT_CONVERSION = YES_AGGRESSIVE;
				CLANG_CXX_LANGUAGE_STANDARD = "gnu++14";
				CLANG_CXX_LIBRARY = "libc++";
				CLANG_ENABLE_MODULES = YES;
				CLANG_ENABLE_OBJC_ARC = YES;
				CLANG_ENABLE_OBJC_WEAK = YES;
				CLANG_WARN_BLOCK_CAPTURE_AUTORELEASING = YES;
				CLANG_WARN_BOOL_CONVERSION = YES;
				CLANG_WARN_COMMA = YES;
				CLANG_WARN_CONSTANT_CONVERSION = YES;
				CLANG_WARN_DEPRECATED_OBJC_IMPLEMENTATIONS = YES;
				CLANG_WARN_DIRECT_OBJC_ISA_USAGE = YES_ERROR;
				CLANG_WARN_DOCUMENTATION_COMMENTS = YES;
				CLANG_WARN_EMPTY_BODY = YES;
				CLANG_WARN_ENUM_CONVERSION = YES;
				CLANG_WARN_INFINITE_RECURSION = YES;
				CLANG_WARN_INT_CONVERSION = YES;
				CLANG_WARN_NON_LITERAL_NULL_CONVERSION = YES;
				CLANG_WARN_OBJC_IMPLICIT_RETAIN_SELF = YES;
				CLANG_WARN_OBJC_LITERAL_CONVERSION = YES;
				CLANG_WARN_OBJC_ROOT_CLASS = YES_ERROR;
				CLANG_WARN_QUOTED_INCLUDE_IN_FRAMEWORK_HEADER = YES;
				CLANG_WARN_RANGE_LOOP_ANALYSIS = YES;
				CLANG_WARN_STRICT_PROTOTYPES = YES;
				CLANG_WARN_SUSPICIOUS_MOVE = YES;
				CLANG_WARN_UNGUARDED_AVAILABILITY = YES_AGGRESSIVE;
				CLANG_WARN_UNREACHABLE_CODE = YES;
				CLANG_WARN__DUPLICATE_METHOD_MATCH = YES;
				COPY_PHASE_STRIP = NO;
				DEBUG_INFORMATION_FORMAT = dwarf;
				ENABLE_STRICT_OBJC_MSGSEND = YES;
				ENABLE_TESTABILITY = YES;
				GCC_C_LANGUAGE_STANDARD = gnu11;
				GCC_DYNAMIC_NO_PIC = NO;
				GCC_NO_COMMON_BLOCKS = YES;
				GCC_OPTIMIZATION_LEVEL = 0;
				GCC_PREPROCESSOR_DEFINITIONS = (
					"DEBUG=1",
					"$(inherited)",
				);
				GCC_WARN_64_TO_32_BIT_CONVERSION = YES;
				GCC_WARN_ABOUT_RETURN_TYPE = YES_ERROR;
				GCC_WARN_UNDECLARED_SELECTOR = YES;
				GCC_WARN_UNINITIALIZED_AUTOS = YES_AGGRESSIVE;
				GCC_WARN_UNUSED_FUNCTION = YES;
				GCC_WARN_UNUSED_VARIABLE = YES;
				IPHONEOS_DEPLOYMENT_TARGET = 14.5;
				MTL_ENABLE_DEBUG_INFO = INCLUDE_SOURCE;
				MTL_FAST_MATH = YES;
				ONLY_ACTIVE_ARCH = YES;
				SDKROOT = iphoneos;
				SWIFT_ACTIVE_COMPILATION_CONDITIONS = DEBUG;
				SWIFT_OPTIMIZATION_LEVEL = "-Onone";
			};
			name = Debug;
		};
		BD04A01126B832D800BB9EE5 /* Release */ = {
			isa = XCBuildConfiguration;
			buildSettings = {
				ALWAYS_SEARCH_USER_PATHS = NO;
				CLANG_ANALYZER_NONNULL = YES;
				CLANG_ANALYZER_NUMBER_OBJECT_CONVERSION = YES_AGGRESSIVE;
				CLANG_CXX_LANGUAGE_STANDARD = "gnu++14";
				CLANG_CXX_LIBRARY = "libc++";
				CLANG_ENABLE_MODULES = YES;
				CLANG_ENABLE_OBJC_ARC = YES;
				CLANG_ENABLE_OBJC_WEAK = YES;
				CLANG_WARN_BLOCK_CAPTURE_AUTORELEASING = YES;
				CLANG_WARN_BOOL_CONVERSION = YES;
				CLANG_WARN_COMMA = YES;
				CLANG_WARN_CONSTANT_CONVERSION = YES;
				CLANG_WARN_DEPRECATED_OBJC_IMPLEMENTATIONS = YES;
				CLANG_WARN_DIRECT_OBJC_ISA_USAGE = YES_ERROR;
				CLANG_WARN_DOCUMENTATION_COMMENTS = YES;
				CLANG_WARN_EMPTY_BODY = YES;
				CLANG_WARN_ENUM_CONVERSION = YES;
				CLANG_WARN_INFINITE_RECURSION = YES;
				CLANG_WARN_INT_CONVERSION = YES;
				CLANG_WARN_NON_LITERAL_NULL_CONVERSION = YES;
				CLANG_WARN_OBJC_IMPLICIT_RETAIN_SELF = YES;
				CLANG_WARN_OBJC_LITERAL_CONVERSION = YES;
				CLANG_WARN_OBJC_ROOT_CLASS = YES_ERROR;
				CLANG_WARN_QUOTED_INCLUDE_IN_FRAMEWORK_HEADER = YES;
				CLANG_WARN_RANGE_LOOP_ANALYSIS = YES;
				CLANG_WARN_STRICT_PROTOTYPES = YES;
				CLANG_WARN_SUSPICIOUS_MOVE = YES;
				CLANG_WARN_UNGUARDED_AVAILABILITY = YES_AGGRESSIVE;
				CLANG_WARN_UNREACHABLE_CODE = YES;
				CLANG_WARN__DUPLICATE_METHOD_MATCH = YES;
				COPY_PHASE_STRIP = NO;
				DEBUG_INFORMATION_FORMAT = "dwarf-with-dsym";
				ENABLE_NS_ASSERTIONS = NO;
				ENABLE_STRICT_OBJC_MSGSEND = YES;
				GCC_C_LANGUAGE_STANDARD = gnu11;
				GCC_NO_COMMON_BLOCKS = YES;
				GCC_WARN_64_TO_32_BIT_CONVERSION = YES;
				GCC_WARN_ABOUT_RETURN_TYPE = YES_ERROR;
				GCC_WARN_UNDECLARED_SELECTOR = YES;
				GCC_WARN_UNINITIALIZED_AUTOS = YES_AGGRESSIVE;
				GCC_WARN_UNUSED_FUNCTION = YES;
				GCC_WARN_UNUSED_VARIABLE = YES;
				IPHONEOS_DEPLOYMENT_TARGET = 14.5;
				MTL_ENABLE_DEBUG_INFO = NO;
				MTL_FAST_MATH = YES;
				SDKROOT = iphoneos;
				SWIFT_COMPILATION_MODE = wholemodule;
				SWIFT_OPTIMIZATION_LEVEL = "-O";
				VALIDATE_PRODUCT = YES;
			};
			name = Release;
		};
		BD04A01326B832D800BB9EE5 /* Debug */ = {
			isa = XCBuildConfiguration;
			buildSettings = {
				ASSETCATALOG_COMPILER_APPICON_NAME = AppIcon;
				ASSETCATALOG_COMPILER_GLOBAL_ACCENT_COLOR_NAME = AccentColor;
				CODE_SIGN_STYLE = Automatic;
				INFOPLIST_FILE = ToDoList/Info.plist;
				LD_RUNPATH_SEARCH_PATHS = (
					"$(inherited)",
					"@executable_path/Frameworks",
				);
				PRODUCT_BUNDLE_IDENTIFIER = Sahar.ToDoList;
				PRODUCT_NAME = "$(TARGET_NAME)";
				SWIFT_VERSION = 5.0;
				TARGETED_DEVICE_FAMILY = "1,2";
			};
			name = Debug;
		};
		BD04A01426B832D800BB9EE5 /* Release */ = {
			isa = XCBuildConfiguration;
			buildSettings = {
				ASSETCATALOG_COMPILER_APPICON_NAME = AppIcon;
				ASSETCATALOG_COMPILER_GLOBAL_ACCENT_COLOR_NAME = AccentColor;
				CODE_SIGN_STYLE = Automatic;
				INFOPLIST_FILE = ToDoList/Info.plist;
				LD_RUNPATH_SEARCH_PATHS = (
					"$(inherited)",
					"@executable_path/Frameworks",
				);
				PRODUCT_BUNDLE_IDENTIFIER = Sahar.ToDoList;
				PRODUCT_NAME = "$(TARGET_NAME)";
				SWIFT_VERSION = 5.0;
				TARGETED_DEVICE_FAMILY = "1,2";
			};
			name = Release;
		};
		BD04A01626B832D800BB9EE5 /* Debug */ = {
			isa = XCBuildConfiguration;
			buildSettings = {
				ALWAYS_EMBED_SWIFT_STANDARD_LIBRARIES = YES;
				BUNDLE_LOADER = "$(TEST_HOST)";
				CODE_SIGN_STYLE = Automatic;
				INFOPLIST_FILE = ToDoListTests/Info.plist;
				IPHONEOS_DEPLOYMENT_TARGET = 14.5;
				LD_RUNPATH_SEARCH_PATHS = (
					"$(inherited)",
					"@executable_path/Frameworks",
					"@loader_path/Frameworks",
				);
				PRODUCT_BUNDLE_IDENTIFIER = Sahar.ToDoListTests;
				PRODUCT_NAME = "$(TARGET_NAME)";
				SWIFT_VERSION = 5.0;
				TARGETED_DEVICE_FAMILY = "1,2";
				TEST_HOST = "$(BUILT_PRODUCTS_DIR)/ToDoList.app/ToDoList";
			};
			name = Debug;
		};
		BD04A01726B832D800BB9EE5 /* Release */ = {
			isa = XCBuildConfiguration;
			buildSettings = {
				ALWAYS_EMBED_SWIFT_STANDARD_LIBRARIES = YES;
				BUNDLE_LOADER = "$(TEST_HOST)";
				CODE_SIGN_STYLE = Automatic;
				INFOPLIST_FILE = ToDoListTests/Info.plist;
				IPHONEOS_DEPLOYMENT_TARGET = 14.5;
				LD_RUNPATH_SEARCH_PATHS = (
					"$(inherited)",
					"@executable_path/Frameworks",
					"@loader_path/Frameworks",
				);
				PRODUCT_BUNDLE_IDENTIFIER = Sahar.ToDoListTests;
				PRODUCT_NAME = "$(TARGET_NAME)";
				SWIFT_VERSION = 5.0;
				TARGETED_DEVICE_FAMILY = "1,2";
				TEST_HOST = "$(BUILT_PRODUCTS_DIR)/ToDoList.app/ToDoList";
			};
			name = Release;
		};
		BD04A01926B832D800BB9EE5 /* Debug */ = {
			isa = XCBuildConfiguration;
			buildSettings = {
				ALWAYS_EMBED_SWIFT_STANDARD_LIBRARIES = YES;
				CODE_SIGN_STYLE = Automatic;
				INFOPLIST_FILE = ToDoListUITests/Info.plist;
				LD_RUNPATH_SEARCH_PATHS = (
					"$(inherited)",
					"@executable_path/Frameworks",
					"@loader_path/Frameworks",
				);
				PRODUCT_BUNDLE_IDENTIFIER = Sahar.ToDoListUITests;
				PRODUCT_NAME = "$(TARGET_NAME)";
				SWIFT_VERSION = 5.0;
				TARGETED_DEVICE_FAMILY = "1,2";
				TEST_TARGET_NAME = ToDoList;
			};
			name = Debug;
		};
		BD04A01A26B832D800BB9EE5 /* Release */ = {
			isa = XCBuildConfiguration;
			buildSettings = {
				ALWAYS_EMBED_SWIFT_STANDARD_LIBRARIES = YES;
				CODE_SIGN_STYLE = Automatic;
				INFOPLIST_FILE = ToDoListUITests/Info.plist;
				LD_RUNPATH_SEARCH_PATHS = (
					"$(inherited)",
					"@executable_path/Frameworks",
					"@loader_path/Frameworks",
				);
				PRODUCT_BUNDLE_IDENTIFIER = Sahar.ToDoListUITests;
				PRODUCT_NAME = "$(TARGET_NAME)";
				SWIFT_VERSION = 5.0;
				TARGETED_DEVICE_FAMILY = "1,2";
				TEST_TARGET_NAME = ToDoList;
			};
			name = Release;
		};
/* End XCBuildConfiguration section */

/* Begin XCConfigurationList section */
		BD049FE026B832CF00BB9EE5 /* Build configuration list for PBXProject "ToDoList" */ = {
			isa = XCConfigurationList;
			buildConfigurations = (
				BD04A01026B832D800BB9EE5 /* Debug */,
				BD04A01126B832D800BB9EE5 /* Release */,
			);
			defaultConfigurationIsVisible = 0;
			defaultConfigurationName = Release;
		};
		BD04A01226B832D800BB9EE5 /* Build configuration list for PBXNativeTarget "ToDoList" */ = {
			isa = XCConfigurationList;
			buildConfigurations = (
				BD04A01326B832D800BB9EE5 /* Debug */,
				BD04A01426B832D800BB9EE5 /* Release */,
			);
			defaultConfigurationIsVisible = 0;
			defaultConfigurationName = Release;
		};
		BD04A01526B832D800BB9EE5 /* Build configuration list for PBXNativeTarget "ToDoListTests" */ = {
			isa = XCConfigurationList;
			buildConfigurations = (
				BD04A01626B832D800BB9EE5 /* Debug */,
				BD04A01726B832D800BB9EE5 /* Release */,
			);
			defaultConfigurationIsVisible = 0;
			defaultConfigurationName = Release;
		};
		BD04A01826B832D800BB9EE5 /* Build configuration list for PBXNativeTarget "ToDoListUITests" */ = {
			isa = XCConfigurationList;
			buildConfigurations = (
				BD04A01926B832D800BB9EE5 /* Debug */,
				BD04A01A26B832D800BB9EE5 /* Release */,
			);
			defaultConfigurationIsVisible = 0;
			defaultConfigurationName = Release;
		};
/* End XCConfigurationList section */

/* Begin XCVersionGroup section */
		BD049FF126B832CF00BB9EE5 /* ToDoList.xcdatamodeld */ = {
			isa = XCVersionGroup;
			children = (
				BD049FF226B832CF00BB9EE5 /* ToDoList.xcdatamodel */,
			);
			currentVersion = BD049FF226B832CF00BB9EE5 /* ToDoList.xcdatamodel */;
			path = ToDoList.xcdatamodeld;
			sourceTree = "<group>";
			versionGroupType = wrapper.xcdatamodel;
		};
/* End XCVersionGroup section */
	};
	rootObject = BD049FDD26B832CF00BB9EE5 /* Project object */;
}
