// !$*UTF8*$!
{
	archiveVersion = 1;
	classes = {
	};
	objectVersion = 50;
	objects = {

/* Begin PBXBuildFile section */
		BD049FDB26B358D400BB9EE5 /* FourthViewController.swift in Sources */ = {isa = PBXBuildFile; fileRef = BD049FDA26B358D400BB9EE5 /* FourthViewController.swift */; };
		BD4C49D226B32383002229D3 /* AppDelegate.swift in Sources */ = {isa = PBXBuildFile; fileRef = BD4C49D126B32383002229D3 /* AppDelegate.swift */; };
		BD4C49D426B32383002229D3 /* SceneDelegate.swift in Sources */ = {isa = PBXBuildFile; fileRef = BD4C49D326B32383002229D3 /* SceneDelegate.swift */; };
		BD4C49D626B32383002229D3 /* ViewController.swift in Sources */ = {isa = PBXBuildFile; fileRef = BD4C49D526B32383002229D3 /* ViewController.swift */; };
		BD4C49D926B32383002229D3 /* Main.storyboard in Resources */ = {isa = PBXBuildFile; fileRef = BD4C49D726B32383002229D3 /* Main.storyboard */; };
		BD4C49DC26B32383002229D3 /* MiniProject2.xcdatamodeld in Sources */ = {isa = PBXBuildFile; fileRef = BD4C49DA26B32383002229D3 /* MiniProject2.xcdatamodeld */; };
		BD4C49DE26B32384002229D3 /* Assets.xcassets in Resources */ = {isa = PBXBuildFile; fileRef = BD4C49DD26B32384002229D3 /* Assets.xcassets */; };
		BD4C49E126B32384002229D3 /* LaunchScreen.storyboard in Resources */ = {isa = PBXBuildFile; fileRef = BD4C49DF26B32384002229D3 /* LaunchScreen.storyboard */; };
		BD4C49EC26B32384002229D3 /* MiniProject2Tests.swift in Sources */ = {isa = PBXBuildFile; fileRef = BD4C49EB26B32384002229D3 /* MiniProject2Tests.swift */; };
		BD4C49F726B32384002229D3 /* MiniProject2UITests.swift in Sources */ = {isa = PBXBuildFile; fileRef = BD4C49F626B32384002229D3 /* MiniProject2UITests.swift */; };
		BD4C4A0526B32497002229D3 /* SecondViewController.swift in Sources */ = {isa = PBXBuildFile; fileRef = BD4C4A0426B32497002229D3 /* SecondViewController.swift */; };
		BD4C4A0726B324B4002229D3 /* ThirdViewController.swift in Sources */ = {isa = PBXBuildFile; fileRef = BD4C4A0626B324B4002229D3 /* ThirdViewController.swift */; };
/* End PBXBuildFile section */

/* Begin PBXContainerItemProxy section */
		BD4C49E826B32384002229D3 /* PBXContainerItemProxy */ = {
			isa = PBXContainerItemProxy;
			containerPortal = BD4C49C626B32383002229D3 /* Project object */;
			proxyType = 1;
			remoteGlobalIDString = BD4C49CD26B32383002229D3;
			remoteInfo = MiniProject2;
		};
		BD4C49F326B32384002229D3 /* PBXContainerItemProxy */ = {
			isa = PBXContainerItemProxy;
			containerPortal = BD4C49C626B32383002229D3 /* Project object */;
			proxyType = 1;
			remoteGlobalIDString = BD4C49CD26B32383002229D3;
			remoteInfo = MiniProject2;
		};
/* End PBXContainerItemProxy section */

/* Begin PBXFileReference section */
		BD049FDA26B358D400BB9EE5 /* FourthViewController.swift */ = {isa = PBXFileReference; lastKnownFileType = sourcecode.swift; path = FourthViewController.swift; sourceTree = "<group>"; };
		BD4C49CE26B32383002229D3 /* MiniProject2.app */ = {isa = PBXFileReference; explicitFileType = wrapper.application; includeInIndex = 0; path = MiniProject2.app; sourceTree = BUILT_PRODUCTS_DIR; };
		BD4C49D126B32383002229D3 /* AppDelegate.swift */ = {isa = PBXFileReference; lastKnownFileType = sourcecode.swift; path = AppDelegate.swift; sourceTree = "<group>"; };
		BD4C49D326B32383002229D3 /* SceneDelegate.swift */ = {isa = PBXFileReference; lastKnownFileType = sourcecode.swift; path = SceneDelegate.swift; sourceTree = "<group>"; };
		BD4C49D526B32383002229D3 /* ViewController.swift */ = {isa = PBXFileReference; lastKnownFileType = sourcecode.swift; path = ViewController.swift; sourceTree = "<group>"; };
		BD4C49D826B32383002229D3 /* Base */ = {isa = PBXFileReference; lastKnownFileType = file.storyboard; name = Base; path = Base.lproj/Main.storyboard; sourceTree = "<group>"; };
		BD4C49DB26B32383002229D3 /* MiniProject2.xcdatamodel */ = {isa = PBXFileReference; lastKnownFileType = wrapper.xcdatamodel; path = MiniProject2.xcdatamodel; sourceTree = "<group>"; };
		BD4C49DD26B32384002229D3 /* Assets.xcassets */ = {isa = PBXFileReference; lastKnownFileType = folder.assetcatalog; path = Assets.xcassets; sourceTree = "<group>"; };
		BD4C49E026B32384002229D3 /* Base */ = {isa = PBXFileReference; lastKnownFileType = file.storyboard; name = Base; path = Base.lproj/LaunchScreen.storyboard; sourceTree = "<group>"; };
		BD4C49E226B32384002229D3 /* Info.plist */ = {isa = PBXFileReference; lastKnownFileType = text.plist.xml; path = Info.plist; sourceTree = "<group>"; };
		BD4C49E726B32384002229D3 /* MiniProject2Tests.xctest */ = {isa = PBXFileReference; explicitFileType = wrapper.cfbundle; includeInIndex = 0; path = MiniProject2Tests.xctest; sourceTree = BUILT_PRODUCTS_DIR; };
		BD4C49EB26B32384002229D3 /* MiniProject2Tests.swift */ = {isa = PBXFileReference; lastKnownFileType = sourcecode.swift; path = MiniProject2Tests.swift; sourceTree = "<group>"; };
		BD4C49ED26B32384002229D3 /* Info.plist */ = {isa = PBXFileReference; lastKnownFileType = text.plist.xml; path = Info.plist; sourceTree = "<group>"; };
		BD4C49F226B32384002229D3 /* MiniProject2UITests.xctest */ = {isa = PBXFileReference; explicitFileType = wrapper.cfbundle; includeInIndex = 0; path = MiniProject2UITests.xctest; sourceTree = BUILT_PRODUCTS_DIR; };
		BD4C49F626B32384002229D3 /* MiniProject2UITests.swift */ = {isa = PBXFileReference; lastKnownFileType = sourcecode.swift; path = MiniProject2UITests.swift; sourceTree = "<group>"; };
		BD4C49F826B32384002229D3 /* Info.plist */ = {isa = PBXFileReference; lastKnownFileType = text.plist.xml; path = Info.plist; sourceTree = "<group>"; };
		BD4C4A0426B32497002229D3 /* SecondViewController.swift */ = {isa = PBXFileReference; lastKnownFileType = sourcecode.swift; path = SecondViewController.swift; sourceTree = "<group>"; };
		BD4C4A0626B324B4002229D3 /* ThirdViewController.swift */ = {isa = PBXFileReference; lastKnownFileType = sourcecode.swift; path = ThirdViewController.swift; sourceTree = "<group>"; };
/* End PBXFileReference section */

/* Begin PBXFrameworksBuildPhase section */
		BD4C49CB26B32383002229D3 /* Frameworks */ = {
			isa = PBXFrameworksBuildPhase;
			buildActionMask = 2147483647;
			files = (
			);
			runOnlyForDeploymentPostprocessing = 0;
		};
		BD4C49E426B32384002229D3 /* Frameworks */ = {
			isa = PBXFrameworksBuildPhase;
			buildActionMask = 2147483647;
			files = (
			);
			runOnlyForDeploymentPostprocessing = 0;
		};
		BD4C49EF26B32384002229D3 /* Frameworks */ = {
			isa = PBXFrameworksBuildPhase;
			buildActionMask = 2147483647;
			files = (
			);
			runOnlyForDeploymentPostprocessing = 0;
		};
/* End PBXFrameworksBuildPhase section */

/* Begin PBXGroup section */
		BD4C49C526B32383002229D3 = {
			isa = PBXGroup;
			children = (
				BD4C49D026B32383002229D3 /* MiniProject2 */,
				BD4C49EA26B32384002229D3 /* MiniProject2Tests */,
				BD4C49F526B32384002229D3 /* MiniProject2UITests */,
				BD4C49CF26B32383002229D3 /* Products */,
			);
			sourceTree = "<group>";
		};
		BD4C49CF26B32383002229D3 /* Products */ = {
			isa = PBXGroup;
			children = (
				BD4C49CE26B32383002229D3 /* MiniProject2.app */,
				BD4C49E726B32384002229D3 /* MiniProject2Tests.xctest */,
				BD4C49F226B32384002229D3 /* MiniProject2UITests.xctest */,
			);
			name = Products;
			sourceTree = "<group>";
		};
		BD4C49D026B32383002229D3 /* MiniProject2 */ = {
			isa = PBXGroup;
			children = (
				BD4C49D126B32383002229D3 /* AppDelegate.swift */,
				BD4C49D326B32383002229D3 /* SceneDelegate.swift */,
				BD4C49D526B32383002229D3 /* ViewController.swift */,
				BD4C49D726B32383002229D3 /* Main.storyboard */,
				BD4C49DD26B32384002229D3 /* Assets.xcassets */,
				BD4C49DF26B32384002229D3 /* LaunchScreen.storyboard */,
				BD4C49E226B32384002229D3 /* Info.plist */,
				BD4C49DA26B32383002229D3 /* MiniProject2.xcdatamodeld */,
				BD4C4A0426B32497002229D3 /* SecondViewController.swift */,
				BD4C4A0626B324B4002229D3 /* ThirdViewController.swift */,
				BD049FDA26B358D400BB9EE5 /* FourthViewController.swift */,
			);
			path = MiniProject2;
			sourceTree = "<group>";
		};
		BD4C49EA26B32384002229D3 /* MiniProject2Tests */ = {
			isa = PBXGroup;
			children = (
				BD4C49EB26B32384002229D3 /* MiniProject2Tests.swift */,
				BD4C49ED26B32384002229D3 /* Info.plist */,
			);
			path = MiniProject2Tests;
			sourceTree = "<group>";
		};
		BD4C49F526B32384002229D3 /* MiniProject2UITests */ = {
			isa = PBXGroup;
			children = (
				BD4C49F626B32384002229D3 /* MiniProject2UITests.swift */,
				BD4C49F826B32384002229D3 /* Info.plist */,
			);
			path = MiniProject2UITests;
			sourceTree = "<group>";
		};
/* End PBXGroup section */

/* Begin PBXNativeTarget section */
		BD4C49CD26B32383002229D3 /* MiniProject2 */ = {
			isa = PBXNativeTarget;
			buildConfigurationList = BD4C49FB26B32384002229D3 /* Build configuration list for PBXNativeTarget "MiniProject2" */;
			buildPhases = (
				BD4C49CA26B32383002229D3 /* Sources */,
				BD4C49CB26B32383002229D3 /* Frameworks */,
				BD4C49CC26B32383002229D3 /* Resources */,
			);
			buildRules = (
			);
			dependencies = (
			);
			name = MiniProject2;
			productName = MiniProject2;
			productReference = BD4C49CE26B32383002229D3 /* MiniProject2.app */;
			productType = "com.apple.product-type.application";
		};
		BD4C49E626B32384002229D3 /* MiniProject2Tests */ = {
			isa = PBXNativeTarget;
			buildConfigurationList = BD4C49FE26B32384002229D3 /* Build configuration list for PBXNativeTarget "MiniProject2Tests" */;
			buildPhases = (
				BD4C49E326B32384002229D3 /* Sources */,
				BD4C49E426B32384002229D3 /* Frameworks */,
				BD4C49E526B32384002229D3 /* Resources */,
			);
			buildRules = (
			);
			dependencies = (
				BD4C49E926B32384002229D3 /* PBXTargetDependency */,
			);
			name = MiniProject2Tests;
			productName = MiniProject2Tests;
			productReference = BD4C49E726B32384002229D3 /* MiniProject2Tests.xctest */;
			productType = "com.apple.product-type.bundle.unit-test";
		};
		BD4C49F126B32384002229D3 /* MiniProject2UITests */ = {
			isa = PBXNativeTarget;
			buildConfigurationList = BD4C4A0126B32384002229D3 /* Build configuration list for PBXNativeTarget "MiniProject2UITests" */;
			buildPhases = (
				BD4C49EE26B32384002229D3 /* Sources */,
				BD4C49EF26B32384002229D3 /* Frameworks */,
				BD4C49F026B32384002229D3 /* Resources */,
			);
			buildRules = (
			);
			dependencies = (
				BD4C49F426B32384002229D3 /* PBXTargetDependency */,
			);
			name = MiniProject2UITests;
			productName = MiniProject2UITests;
			productReference = BD4C49F226B32384002229D3 /* MiniProject2UITests.xctest */;
			productType = "com.apple.product-type.bundle.ui-testing";
		};
/* End PBXNativeTarget section */

/* Begin PBXProject section */
		BD4C49C626B32383002229D3 /* Project object */ = {
			isa = PBXProject;
			attributes = {
				LastSwiftUpdateCheck = 1130;
				LastUpgradeCheck = 1130;
				ORGANIZATIONNAME = "Sahar Kapasi";
				TargetAttributes = {
					BD4C49CD26B32383002229D3 = {
						CreatedOnToolsVersion = 11.3.1;
					};
					BD4C49E626B32384002229D3 = {
						CreatedOnToolsVersion = 11.3.1;
						TestTargetID = BD4C49CD26B32383002229D3;
					};
					BD4C49F126B32384002229D3 = {
						CreatedOnToolsVersion = 11.3.1;
						TestTargetID = BD4C49CD26B32383002229D3;
					};
				};
			};
			buildConfigurationList = BD4C49C926B32383002229D3 /* Build configuration list for PBXProject "MiniProject2" */;
			compatibilityVersion = "Xcode 9.3";
			developmentRegion = en;
			hasScannedForEncodings = 0;
			knownRegions = (
				en,
				Base,
			);
			mainGroup = BD4C49C526B32383002229D3;
			productRefGroup = BD4C49CF26B32383002229D3 /* Products */;
			projectDirPath = "";
			projectRoot = "";
			targets = (
				BD4C49CD26B32383002229D3 /* MiniProject2 */,
				BD4C49E626B32384002229D3 /* MiniProject2Tests */,
				BD4C49F126B32384002229D3 /* MiniProject2UITests */,
			);
		};
/* End PBXProject section */

/* Begin PBXResourcesBuildPhase section */
		BD4C49CC26B32383002229D3 /* Resources */ = {
			isa = PBXResourcesBuildPhase;
			buildActionMask = 2147483647;
			files = (
				BD4C49E126B32384002229D3 /* LaunchScreen.storyboard in Resources */,
				BD4C49DE26B32384002229D3 /* Assets.xcassets in Resources */,
				BD4C49D926B32383002229D3 /* Main.storyboard in Resources */,
			);
			runOnlyForDeploymentPostprocessing = 0;
		};
		BD4C49E526B32384002229D3 /* Resources */ = {
			isa = PBXResourcesBuildPhase;
			buildActionMask = 2147483647;
			files = (
			);
			runOnlyForDeploymentPostprocessing = 0;
		};
		BD4C49F026B32384002229D3 /* Resources */ = {
			isa = PBXResourcesBuildPhase;
			buildActionMask = 2147483647;
			files = (
			);
			runOnlyForDeploymentPostprocessing = 0;
		};
/* End PBXResourcesBuildPhase section */

/* Begin PBXSourcesBuildPhase section */
		BD4C49CA26B32383002229D3 /* Sources */ = {
			isa = PBXSourcesBuildPhase;
			buildActionMask = 2147483647;
			files = (
				BD4C49D626B32383002229D3 /* ViewController.swift in Sources */,
				BD4C49D226B32383002229D3 /* AppDelegate.swift in Sources */,
				BD4C49D426B32383002229D3 /* SceneDelegate.swift in Sources */,
				BD049FDB26B358D400BB9EE5 /* FourthViewController.swift in Sources */,
				BD4C4A0526B32497002229D3 /* SecondViewController.swift in Sources */,
				BD4C4A0726B324B4002229D3 /* ThirdViewController.swift in Sources */,
				BD4C49DC26B32383002229D3 /* MiniProject2.xcdatamodeld in Sources */,
			);
			runOnlyForDeploymentPostprocessing = 0;
		};
		BD4C49E326B32384002229D3 /* Sources */ = {
			isa = PBXSourcesBuildPhase;
			buildActionMask = 2147483647;
			files = (
				BD4C49EC26B32384002229D3 /* MiniProject2Tests.swift in Sources */,
			);
			runOnlyForDeploymentPostprocessing = 0;
		};
		BD4C49EE26B32384002229D3 /* Sources */ = {
			isa = PBXSourcesBuildPhase;
			buildActionMask = 2147483647;
			files = (
				BD4C49F726B32384002229D3 /* MiniProject2UITests.swift in Sources */,
			);
			runOnlyForDeploymentPostprocessing = 0;
		};
/* End PBXSourcesBuildPhase section */

/* Begin PBXTargetDependency section */
		BD4C49E926B32384002229D3 /* PBXTargetDependency */ = {
			isa = PBXTargetDependency;
			target = BD4C49CD26B32383002229D3 /* MiniProject2 */;
			targetProxy = BD4C49E826B32384002229D3 /* PBXContainerItemProxy */;
		};
		BD4C49F426B32384002229D3 /* PBXTargetDependency */ = {
			isa = PBXTargetDependency;
			target = BD4C49CD26B32383002229D3 /* MiniProject2 */;
			targetProxy = BD4C49F326B32384002229D3 /* PBXContainerItemProxy */;
		};
/* End PBXTargetDependency section */

/* Begin PBXVariantGroup section */
		BD4C49D726B32383002229D3 /* Main.storyboard */ = {
			isa = PBXVariantGroup;
			children = (
				BD4C49D826B32383002229D3 /* Base */,
			);
			name = Main.storyboard;
			sourceTree = "<group>";
		};
		BD4C49DF26B32384002229D3 /* LaunchScreen.storyboard */ = {
			isa = PBXVariantGroup;
			children = (
				BD4C49E026B32384002229D3 /* Base */,
			);
			name = LaunchScreen.storyboard;
			sourceTree = "<group>";
		};
/* End PBXVariantGroup section */

/* Begin XCBuildConfiguration section */
		BD4C49F926B32384002229D3 /* Debug */ = {
			isa = XCBuildConfiguration;
			buildSettings = {
				ALWAYS_SEARCH_USER_PATHS = NO;
				CLANG_ANALYZER_NONNULL = YES;
				CLANG_ANALYZER_NUMBER_OBJECT_CONVERSION = YES_AGGRESSIVE;
				CLANG_CXX_LANGUAGE_STANDARD = "gnu++14";
				CLANG_CXX_LIBRARY = "libc++";
				CLANG_ENABLE_MODULES = YES;
				CLANG_ENABLE_OBJC_ARC = YES;
				CLANG_ENABLE_OBJC_WEAK = YES;
				CLANG_WARN_BLOCK_CAPTURE_AUTORELEASING = YES;
				CLANG_WARN_BOOL_CONVERSION = YES;
				CLANG_WARN_COMMA = YES;
				CLANG_WARN_CONSTANT_CONVERSION = YES;
				CLANG_WARN_DEPRECATED_OBJC_IMPLEMENTATIONS = YES;
				CLANG_WARN_DIRECT_OBJC_ISA_USAGE = YES_ERROR;
				CLANG_WARN_DOCUMENTATION_COMMENTS = YES;
				CLANG_WARN_EMPTY_BODY = YES;
				CLANG_WARN_ENUM_CONVERSION = YES;
				CLANG_WARN_INFINITE_RECURSION = YES;
				CLANG_WARN_INT_CONVERSION = YES;
				CLANG_WARN_NON_LITERAL_NULL_CONVERSION = YES;
				CLANG_WARN_OBJC_IMPLICIT_RETAIN_SELF = YES;
				CLANG_WARN_OBJC_LITERAL_CONVERSION = YES;
				CLANG_WARN_OBJC_ROOT_CLASS = YES_ERROR;
				CLANG_WARN_RANGE_LOOP_ANALYSIS = YES;
				CLANG_WARN_STRICT_PROTOTYPES = YES;
				CLANG_WARN_SUSPICIOUS_MOVE = YES;
				CLANG_WARN_UNGUARDED_AVAILABILITY = YES_AGGRESSIVE;
				CLANG_WARN_UNREACHABLE_CODE = YES;
				CLANG_WARN__DUPLICATE_METHOD_MATCH = YES;
				COPY_PHASE_STRIP = NO;
				DEBUG_INFORMATION_FORMAT = dwarf;
				ENABLE_STRICT_OBJC_MSGSEND = YES;
				ENABLE_TESTABILITY = YES;
				GCC_C_LANGUAGE_STANDARD = gnu11;
				GCC_DYNAMIC_NO_PIC = NO;
				GCC_NO_COMMON_BLOCKS = YES;
				GCC_OPTIMIZATION_LEVEL = 0;
				GCC_PREPROCESSOR_DEFINITIONS = (
					"DEBUG=1",
					"$(inherited)",
				);
				GCC_WARN_64_TO_32_BIT_CONVERSION = YES;
				GCC_WARN_ABOUT_RETURN_TYPE = YES_ERROR;
				GCC_WARN_UNDECLARED_SELECTOR = YES;
				GCC_WARN_UNINITIALIZED_AUTOS = YES_AGGRESSIVE;
				GCC_WARN_UNUSED_FUNCTION = YES;
				GCC_WARN_UNUSED_VARIABLE = YES;
				IPHONEOS_DEPLOYMENT_TARGET = 13.2;
				MTL_ENABLE_DEBUG_INFO = INCLUDE_SOURCE;
				MTL_FAST_MATH = YES;
				ONLY_ACTIVE_ARCH = YES;
				SDKROOT = iphoneos;
				SWIFT_ACTIVE_COMPILATION_CONDITIONS = DEBUG;
				SWIFT_OPTIMIZATION_LEVEL = "-Onone";
			};
			name = Debug;
		};
		BD4C49FA26B32384002229D3 /* Release */ = {
			isa = XCBuildConfiguration;
			buildSettings = {
				ALWAYS_SEARCH_USER_PATHS = NO;
				CLANG_ANALYZER_NONNULL = YES;
				CLANG_ANALYZER_NUMBER_OBJECT_CONVERSION = YES_AGGRESSIVE;
				CLANG_CXX_LANGUAGE_STANDARD = "gnu++14";
				CLANG_CXX_LIBRARY = "libc++";
				CLANG_ENABLE_MODULES = YES;
				CLANG_ENABLE_OBJC_ARC = YES;
				CLANG_ENABLE_OBJC_WEAK = YES;
				CLANG_WARN_BLOCK_CAPTURE_AUTORELEASING = YES;
				CLANG_WARN_BOOL_CONVERSION = YES;
				CLANG_WARN_COMMA = YES;
				CLANG_WARN_CONSTANT_CONVERSION = YES;
				CLANG_WARN_DEPRECATED_OBJC_IMPLEMENTATIONS = YES;
				CLANG_WARN_DIRECT_OBJC_ISA_USAGE = YES_ERROR;
				CLANG_WARN_DOCUMENTATION_COMMENTS = YES;
				CLANG_WARN_EMPTY_BODY = YES;
				CLANG_WARN_ENUM_CONVERSION = YES;
				CLANG_WARN_INFINITE_RECURSION = YES;
				CLANG_WARN_INT_CONVERSION = YES;
				CLANG_WARN_NON_LITERAL_NULL_CONVERSION = YES;
				CLANG_WARN_OBJC_IMPLICIT_RETAIN_SELF = YES;
				CLANG_WARN_OBJC_LITERAL_CONVERSION = YES;
				CLANG_WARN_OBJC_ROOT_CLASS = YES_ERROR;
				CLANG_WARN_RANGE_LOOP_ANALYSIS = YES;
				CLANG_WARN_STRICT_PROTOTYPES = YES;
				CLANG_WARN_SUSPICIOUS_MOVE = YES;
				CLANG_WARN_UNGUARDED_AVAILABILITY = YES_AGGRESSIVE;
				CLANG_WARN_UNREACHABLE_CODE = YES;
				CLANG_WARN__DUPLICATE_METHOD_MATCH = YES;
				COPY_PHASE_STRIP = NO;
				DEBUG_INFORMATION_FORMAT = "dwarf-with-dsym";
				ENABLE_NS_ASSERTIONS = NO;
				ENABLE_STRICT_OBJC_MSGSEND = YES;
				GCC_C_LANGUAGE_STANDARD = gnu11;
				GCC_NO_COMMON_BLOCKS = YES;
				GCC_WARN_64_TO_32_BIT_CONVERSION = YES;
				GCC_WARN_ABOUT_RETURN_TYPE = YES_ERROR;
				GCC_WARN_UNDECLARED_SELECTOR = YES;
				GCC_WARN_UNINITIALIZED_AUTOS = YES_AGGRESSIVE;
				GCC_WARN_UNUSED_FUNCTION = YES;
				GCC_WARN_UNUSED_VARIABLE = YES;
				IPHONEOS_DEPLOYMENT_TARGET = 13.2;
				MTL_ENABLE_DEBUG_INFO = NO;
				MTL_FAST_MATH = YES;
				SDKROOT = iphoneos;
				SWIFT_COMPILATION_MODE = wholemodule;
				SWIFT_OPTIMIZATION_LEVEL = "-O";
				VALIDATE_PRODUCT = YES;
			};
			name = Release;
		};
		BD4C49FC26B32384002229D3 /* Debug */ = {
			isa = XCBuildConfiguration;
			buildSettings = {
				ASSETCATALOG_COMPILER_APPICON_NAME = AppIcon;
				CODE_SIGN_STYLE = Automatic;
				INFOPLIST_FILE = MiniProject2/Info.plist;
				LD_RUNPATH_SEARCH_PATHS = (
					"$(inherited)",
					"@executable_path/Frameworks",
				);
				PRODUCT_BUNDLE_IDENTIFIER = Sahar.MiniProject2;
				PRODUCT_NAME = "$(TARGET_NAME)";
				SWIFT_VERSION = 5.0;
				TARGETED_DEVICE_FAMILY = "1,2";
			};
			name = Debug;
		};
		BD4C49FD26B32384002229D3 /* Release */ = {
			isa = XCBuildConfiguration;
			buildSettings = {
				ASSETCATALOG_COMPILER_APPICON_NAME = AppIcon;
				CODE_SIGN_STYLE = Automatic;
				INFOPLIST_FILE = MiniProject2/Info.plist;
				LD_RUNPATH_SEARCH_PATHS = (
					"$(inherited)",
					"@executable_path/Frameworks",
				);
				PRODUCT_BUNDLE_IDENTIFIER = Sahar.MiniProject2;
				PRODUCT_NAME = "$(TARGET_NAME)";
				SWIFT_VERSION = 5.0;
				TARGETED_DEVICE_FAMILY = "1,2";
			};
			name = Release;
		};
		BD4C49FF26B32384002229D3 /* Debug */ = {
			isa = XCBuildConfiguration;
			buildSettings = {
				ALWAYS_EMBED_SWIFT_STANDARD_LIBRARIES = YES;
				BUNDLE_LOADER = "$(TEST_HOST)";
				CODE_SIGN_STYLE = Automatic;
				INFOPLIST_FILE = MiniProject2Tests/Info.plist;
				IPHONEOS_DEPLOYMENT_TARGET = 13.2;
				LD_RUNPATH_SEARCH_PATHS = (
					"$(inherited)",
					"@executable_path/Frameworks",
					"@loader_path/Frameworks",
				);
				PRODUCT_BUNDLE_IDENTIFIER = Sahar.MiniProject2Tests;
				PRODUCT_NAME = "$(TARGET_NAME)";
				SWIFT_VERSION = 5.0;
				TARGETED_DEVICE_FAMILY = "1,2";
				TEST_HOST = "$(BUILT_PRODUCTS_DIR)/MiniProject2.app/MiniProject2";
			};
			name = Debug;
		};
		BD4C4A0026B32384002229D3 /* Release */ = {
			isa = XCBuildConfiguration;
			buildSettings = {
				ALWAYS_EMBED_SWIFT_STANDARD_LIBRARIES = YES;
				BUNDLE_LOADER = "$(TEST_HOST)";
				CODE_SIGN_STYLE = Automatic;
				INFOPLIST_FILE = MiniProject2Tests/Info.plist;
				IPHONEOS_DEPLOYMENT_TARGET = 13.2;
				LD_RUNPATH_SEARCH_PATHS = (
					"$(inherited)",
					"@executable_path/Frameworks",
					"@loader_path/Frameworks",
				);
				PRODUCT_BUNDLE_IDENTIFIER = Sahar.MiniProject2Tests;
				PRODUCT_NAME = "$(TARGET_NAME)";
				SWIFT_VERSION = 5.0;
				TARGETED_DEVICE_FAMILY = "1,2";
				TEST_HOST = "$(BUILT_PRODUCTS_DIR)/MiniProject2.app/MiniProject2";
			};
			name = Release;
		};
		BD4C4A0226B32384002229D3 /* Debug */ = {
			isa = XCBuildConfiguration;
			buildSettings = {
				ALWAYS_EMBED_SWIFT_STANDARD_LIBRARIES = YES;
				CODE_SIGN_STYLE = Automatic;
				INFOPLIST_FILE = MiniProject2UITests/Info.plist;
				LD_RUNPATH_SEARCH_PATHS = (
					"$(inherited)",
					"@executable_path/Frameworks",
					"@loader_path/Frameworks",
				);
				PRODUCT_BUNDLE_IDENTIFIER = Sahar.MiniProject2UITests;
				PRODUCT_NAME = "$(TARGET_NAME)";
				SWIFT_VERSION = 5.0;
				TARGETED_DEVICE_FAMILY = "1,2";
				TEST_TARGET_NAME = MiniProject2;
			};
			name = Debug;
		};
		BD4C4A0326B32384002229D3 /* Release */ = {
			isa = XCBuildConfiguration;
			buildSettings = {
				ALWAYS_EMBED_SWIFT_STANDARD_LIBRARIES = YES;
				CODE_SIGN_STYLE = Automatic;
				INFOPLIST_FILE = MiniProject2UITests/Info.plist;
				LD_RUNPATH_SEARCH_PATHS = (
					"$(inherited)",
					"@executable_path/Frameworks",
					"@loader_path/Frameworks",
				);
				PRODUCT_BUNDLE_IDENTIFIER = Sahar.MiniProject2UITests;
				PRODUCT_NAME = "$(TARGET_NAME)";
				SWIFT_VERSION = 5.0;
				TARGETED_DEVICE_FAMILY = "1,2";
				TEST_TARGET_NAME = MiniProject2;
			};
			name = Release;
		};
/* End XCBuildConfiguration section */

/* Begin XCConfigurationList section */
		BD4C49C926B32383002229D3 /* Build configuration list for PBXProject "MiniProject2" */ = {
			isa = XCConfigurationList;
			buildConfigurations = (
				BD4C49F926B32384002229D3 /* Debug */,
				BD4C49FA26B32384002229D3 /* Release */,
			);
			defaultConfigurationIsVisible = 0;
			defaultConfigurationName = Release;
		};
		BD4C49FB26B32384002229D3 /* Build configuration list for PBXNativeTarget "MiniProject2" */ = {
			isa = XCConfigurationList;
			buildConfigurations = (
				BD4C49FC26B32384002229D3 /* Debug */,
				BD4C49FD26B32384002229D3 /* Release */,
			);
			defaultConfigurationIsVisible = 0;
			defaultConfigurationName = Release;
		};
		BD4C49FE26B32384002229D3 /* Build configuration list for PBXNativeTarget "MiniProject2Tests" */ = {
			isa = XCConfigurationList;
			buildConfigurations = (
				BD4C49FF26B32384002229D3 /* Debug */,
				BD4C4A0026B32384002229D3 /* Release */,
			);
			defaultConfigurationIsVisible = 0;
			defaultConfigurationName = Release;
		};
		BD4C4A0126B32384002229D3 /* Build configuration list for PBXNativeTarget "MiniProject2UITests" */ = {
			isa = XCConfigurationList;
			buildConfigurations = (
				BD4C4A0226B32384002229D3 /* Debug */,
				BD4C4A0326B32384002229D3 /* Release */,
			);
			defaultConfigurationIsVisible = 0;
			defaultConfigurationName = Release;
		};
/* End XCConfigurationList section */

/* Begin XCVersionGroup section */
		BD4C49DA26B32383002229D3 /* MiniProject2.xcdatamodeld */ = {
			isa = XCVersionGroup;
			children = (
				BD4C49DB26B32383002229D3 /* MiniProject2.xcdatamodel */,
			);
			currentVersion = BD4C49DB26B32383002229D3 /* MiniProject2.xcdatamodel */;
			path = MiniProject2.xcdatamodeld;
			sourceTree = "<group>";
			versionGroupType = wrapper.xcdatamodel;
		};
/* End XCVersionGroup section */
	};
	rootObject = BD4C49C626B32383002229D3 /* Project object */;
}
